
Microsoft Visual Studio Solution File, Format Version 12.00
# Visual Studio Version 16
VisualStudioVersion = 16.0.30011.22
MinimumVisualStudioVersion = 10.0.40219.1
Project("{FAE04EC0-301F-11D3-BF4B-00C04F79EFBC}") = "PetStore.Data", "PetStore.Data\PetStore.Data.csproj", "{6B7BFFB1-854B-4822-84C9-6D87D900B0AA}"
EndProject
Project("{FAE04EC0-301F-11D3-BF4B-00C04F79EFBC}") = "PetStore.Models", "PetStore.Models\PetStore.Models.csproj", "{537DC764-1DBC-42A8-8695-382FBED567A4}"
EndProject
Project("{FAE04EC0-301F-11D3-BF4B-00C04F79EFBC}") = "PetStore.Services", "PetStore.Services\PetStore.Services.csproj", "{F066715D-4A35-48E2-B9DD-21D8F3C0B901}"
EndProject
Global
	GlobalSection(SolutionConfigurationPlatforms) = preSolution
		Debug|Any CPU = Debug|Any CPU
		Release|Any CPU = Release|Any CPU
	EndGlobalSection
	GlobalSection(ProjectConfigurationPlatforms) = postSolution
		{6B7BFFB1-854B-4822-84C9-6D87D900B0AA}.Debug|Any CPU.ActiveCfg = Debug|Any CPU
		{6B7BFFB1-854B-4822-84C9-6D87D900B0AA}.Debug|Any CPU.Build.0 = Debug|Any CPU
		{6B7BFFB1-854B-4822-84C9-6D87D900B0AA}.Release|Any CPU.ActiveCfg = Release|Any CPU
		{6B7BFFB1-854B-4822-84C9-6D87D900B0AA}.Release|Any CPU.Build.0 = Release|Any CPU
		{537DC764-1DBC-42A8-8695-382FBED567A4}.Debug|Any CPU.ActiveCfg = Debug|Any CPU
		{537DC764-1DBC-42A8-8695-382FBED567A4}.Debug|Any CPU.Build.0 = Debug|Any CPU
		{537DC764-1DBC-42A8-8695-382FBED567A4}.Release|Any CPU.ActiveCfg = Release|Any CPU
		{537DC764-1DBC-42A8-8695-382FBED567A4}.Release|Any CPU.Build.0 = Release|Any CPU
		{F066715D-4A35-48E2-B9DD-21D8F3C0B901}.Debug|Any CPU.ActiveCfg = Debug|Any CPU
		{F066715D-4A35-48E2-B9DD-21D8F3C0B901}.Debug|Any CPU.Build.0 = Debug|Any CPU
		{F066715D-4A35-48E2-B9DD-21D8F3C0B901}.Release|Any CPU.ActiveCfg = Release|Any CPU
		{F066715D-4A35-48E2-B9DD-21D8F3C0B901}.Release|Any CPU.Build.0 = Release|Any CPU
	EndGlobalSection
	GlobalSection(SolutionProperties) = preSolution
		HideSolutionNode = FALSE
	EndGlobalSection
	GlobalSection(ExtensibilityGlobals) = postSolution
		SolutionGuid = {8C7C850B-D2FA-46CC-A528-F5441D809975}
	EndGlobalSection
EndGlobal
